// !$*UTF8*$!
{
	archiveVersion = 1;
	classes = {
	};
	objectVersion = 51;
	objects = {

/* Begin PBXBuildFile section */
		CD16FE86E616849F44F724AF /* Pods_KIkbsKeyBoard.framework in Frameworks */ = {isa = PBXBuildFile; fileRef = CA5BB0FF857D281CDE485764 /* Pods_KIkbsKeyBoard.framework */; };
		EB2D5FA9296EBCB500C9DFA3 /* KeyboardViewController.swift in Sources */ = {isa = PBXBuildFile; fileRef = EB2D5FA8296EBCB500C9DFA3 /* KeyboardViewController.swift */; };
		EB2D5FAD296EBCB500C9DFA3 /* KiKeyBoardCus.appex in Embed App Extensions */ = {isa = PBXBuildFile; fileRef = EB2D5FA6296EBCB500C9DFA3 /* KiKeyBoardCus.appex */; settings = {ATTRIBUTES = (RemoveHeadersOnCopy, ); }; };
		EB2D5FB2296EBD0600C9DFA3 /* KeyBoardTopBar.swift in Sources */ = {isa = PBXBuildFile; fileRef = EB2D5FB1296EBD0600C9DFA3 /* KeyBoardTopBar.swift */; };
		EB2D5FB4296EBD3E00C9DFA3 /* KeyBoardContentPreview.swift in Sources */ = {isa = PBXBuildFile; fileRef = EB2D5FB3296EBD3E00C9DFA3 /* KeyBoardContentPreview.swift */; };
		EB2D5FB6296EC76A00C9DFA3 /* KeyBoardManager.swift in Sources */ = {isa = PBXBuildFile; fileRef = EB2D5FB5296EC76A00C9DFA3 /* KeyBoardManager.swift */; };
		EB2D5FB7296EC7C000C9DFA3 /* KIkbsKeboardFavoriteDB.swift in Sources */ = {isa = PBXBuildFile; fileRef = EB9F2E8B26DA47D40027484A /* KIkbsKeboardFavoriteDB.swift */; };
		EB351D332972AFD10034D4F2 /* KEkeyboardSetGuideVC.swift in Sources */ = {isa = PBXBuildFile; fileRef = EB351D322972AFD10034D4F2 /* KEkeyboardSetGuideVC.swift */; };
		EB4E385826CB6CB700D1FE4D /* ZalgoStringMaker.swift in Sources */ = {isa = PBXBuildFile; fileRef = EB4E385726CB6CB700D1FE4D /* ZalgoStringMaker.swift */; };
		EB4E385B26CB9F2D00D1FE4D /* ConfigTool.swift in Sources */ = {isa = PBXBuildFile; fileRef = EB4E385A26CB9F2D00D1FE4D /* ConfigTool.swift */; };
		EB4E399E26CCE62A00D1FE4D /* KIkbsTextTypeTransformView.swift in Sources */ = {isa = PBXBuildFile; fileRef = EB4E399D26CCE62A00D1FE4D /* KIkbsTextTypeTransformView.swift */; };
		EB5EE3C02941BA5C0015B3BA /* KEkeyNeSpecialTextVC.swift in Sources */ = {isa = PBXBuildFile; fileRef = EB5EE3BF2941BA5C0015B3BA /* KEkeyNeSpecialTextVC.swift */; };
		EB5EE3C32941D3ED0015B3BA /* KEkeyNeFavoriteStringVC.swift in Sources */ = {isa = PBXBuildFile; fileRef = EB5EE3C22941D3ED0015B3BA /* KEkeyNeFavoriteStringVC.swift */; };
		EB5EE3C62942DAAA0015B3BA /* KEkeyNeTextCardVC.swift in Sources */ = {isa = PBXBuildFile; fileRef = EB5EE3C52942DAAA0015B3BA /* KEkeyNeTextCardVC.swift */; };
		EB7A2B7B26C4D81000F25D38 /* TEST.m in Sources */ = {isa = PBXBuildFile; fileRef = EB7A2B7A26C4D81000F25D38 /* TEST.m */; };
		EB7A2B7F26C4D83600F25D38 /* KIkbsStoreVC.swift in Sources */ = {isa = PBXBuildFile; fileRef = EB7A2B7E26C4D83600F25D38 /* KIkbsStoreVC.swift */; };
		EB7A2B8226C4FF3900F25D38 /* ExtensionTool.swift in Sources */ = {isa = PBXBuildFile; fileRef = EB7A2B8126C4FF3900F25D38 /* ExtensionTool.swift */; };
		EB88FDE226D37FD7005BD007 /* LLMorseCodeTranslator.swift in Sources */ = {isa = PBXBuildFile; fileRef = EB88FDE126D37FD7005BD007 /* LLMorseCodeTranslator.swift */; };
		EB88FDE426D3802D005BD007 /* KIkbsMorseCodeTransformView.swift in Sources */ = {isa = PBXBuildFile; fileRef = EB88FDE326D3802D005BD007 /* KIkbsMorseCodeTransformView.swift */; };
		EB88FE4526D3AF01005BD007 /* KIkbsTextLeftRightTransformView.swift in Sources */ = {isa = PBXBuildFile; fileRef = EB88FE4426D3AF01005BD007 /* KIkbsTextLeftRightTransformView.swift */; };
		EB88FE4826D3B708005BD007 /* KIkbsTextCenterTransformView.swift in Sources */ = {isa = PBXBuildFile; fileRef = EB88FE4726D3B708005BD007 /* KIkbsTextCenterTransformView.swift */; };
		EB9407CC26F37A8A00CB4A66 /* KIkbsTextTransformManager.swift in Sources */ = {isa = PBXBuildFile; fileRef = EB9407CB26F37A8A00CB4A66 /* KIkbsTextTransformManager.swift */; };
		EB9407CE26F3819400CB4A66 /* textTransform_Font.json in Resources */ = {isa = PBXBuildFile; fileRef = EB9407CD26F3819400CB4A66 /* textTransform_Font.json */; };
		EB9407D026F381C300CB4A66 /* textTransform_LeftAdd.json in Resources */ = {isa = PBXBuildFile; fileRef = EB9407CF26F381C300CB4A66 /* textTransform_LeftAdd.json */; };
		EB9407D226F381DF00CB4A66 /* textTransform_Zalgo.json in Resources */ = {isa = PBXBuildFile; fileRef = EB9407D126F381DF00CB4A66 /* textTransform_Zalgo.json */; };
		EB960C4A26DF71C500EDB86A /* KIkbsCardWatermarkOverlayer.swift in Sources */ = {isa = PBXBuildFile; fileRef = EB960C4926DF71C500EDB86A /* KIkbsCardWatermarkOverlayer.swift */; };
		EB960C4C26DF72D000EDB86A /* KIkbsCardWatermarkBar.swift in Sources */ = {isa = PBXBuildFile; fileRef = EB960C4B26DF72D000EDB86A /* KIkbsCardWatermarkBar.swift */; };
		EB960C4E26DF791E00EDB86A /* KIkbsCardTextInputBar.swift in Sources */ = {isa = PBXBuildFile; fileRef = EB960C4D26DF791E00EDB86A /* KIkbsCardTextInputBar.swift */; };
		EB960C5026DF793D00EDB86A /* KIkbsCardThemeColorBar.swift in Sources */ = {isa = PBXBuildFile; fileRef = EB960C4F26DF793D00EDB86A /* KIkbsCardThemeColorBar.swift */; };
		EB960C5226DFCF4D00EDB86A /* textCardThemeColor.json in Resources */ = {isa = PBXBuildFile; fileRef = EB960C5126DFCF4D00EDB86A /* textCardThemeColor.json */; };
		EB960C5426DFD1AA00EDB86A /* textCardOverlayerImg.json in Resources */ = {isa = PBXBuildFile; fileRef = EB960C5326DFD1AA00EDB86A /* textCardOverlayerImg.json */; };
		EB99D90426D6734900B0F50F /* KIkbsSpecialStrPreviewView.swift in Sources */ = {isa = PBXBuildFile; fileRef = EB99D90326D6734900B0F50F /* KIkbsSpecialStrPreviewView.swift */; };
		EB9F2E8C26DA47D40027484A /* KIkbsKeboardFavoriteDB.swift in Sources */ = {isa = PBXBuildFile; fileRef = EB9F2E8B26DA47D40027484A /* KIkbsKeboardFavoriteDB.swift */; };
		EBA03FA526E5BF8D00BE0043 /* KIkbsCardCanvasTextView.swift in Sources */ = {isa = PBXBuildFile; fileRef = EBA03FA426E5BF8D00BE0043 /* KIkbsCardCanvasTextView.swift */; };
		EBA03FA726E5C51600BE0043 /* KIkbsCardTextInputView.swift in Sources */ = {isa = PBXBuildFile; fileRef = EBA03FA626E5C51600BE0043 /* KIkbsCardTextInputView.swift */; };
		EBABA52926D8EE9C002EE5F5 /* KIkbsPurchaseManager.swift in Sources */ = {isa = PBXBuildFile; fileRef = EBABA52826D8EE9C002EE5F5 /* KIkbsPurchaseManager.swift */; };
		EBABA53126D930DB002EE5F5 /* KIkbsKeyboardFavoritePageView.swift in Sources */ = {isa = PBXBuildFile; fileRef = EBABA53026D930DB002EE5F5 /* KIkbsKeyboardFavoritePageView.swift */; };
		EBAE32A026D7875500FFC212 /* KIkbsDataManager.swift in Sources */ = {isa = PBXBuildFile; fileRef = EBAE329F26D7875500FFC212 /* KIkbsDataManager.swift */; };
		EBAE32A226D78E8600FFC212 /* specialSymbolList.json in Resources */ = {isa = PBXBuildFile; fileRef = EBAE32A126D78E8600FFC212 /* specialSymbolList.json */; };
		EBAE32A426D78E9100FFC212 /* specialQuoteList.json in Resources */ = {isa = PBXBuildFile; fileRef = EBAE32A326D78E9100FFC212 /* specialQuoteList.json */; };
		EBAE32A626D78E9C00FFC212 /* specialEmojiStrList.json in Resources */ = {isa = PBXBuildFile; fileRef = EBAE32A526D78E9C00FFC212 /* specialEmojiStrList.json */; };
		EBAE32AA26D7A64300FFC212 /* KIkbsSpecialStrLeftIndexView.swift in Sources */ = {isa = PBXBuildFile; fileRef = EBAE32A926D7A64300FFC212 /* KIkbsSpecialStrLeftIndexView.swift */; };
		EBB350032977DC9000D7D1DC /* globe_ic.png in Resources */ = {isa = PBXBuildFile; fileRef = EBB350022977DC9000D7D1DC /* globe_ic.png */; };
		EBBBA803293DDB5000211CCF /* KEkeyMainVC.swift in Sources */ = {isa = PBXBuildFile; fileRef = EBBBA802293DDB5000211CCF /* KEkeyMainVC.swift */; };
		EBBBA806293DFB9700211CCF /* KEkeyNeTransformVC.swift in Sources */ = {isa = PBXBuildFile; fileRef = EBBBA805293DFB9700211CCF /* KEkeyNeTransformVC.swift */; };
		EBE60E2129447A3B004DF203 /* KEkeyNeSettingVC.swift in Sources */ = {isa = PBXBuildFile; fileRef = EBE60E2029447A3B004DF203 /* KEkeyNeSettingVC.swift */; };
		EBE60E2329448E62004DF203 /* KEkeyNeInfoPagePreviewVC.swift in Sources */ = {isa = PBXBuildFile; fileRef = EBE60E2229448E62004DF203 /* KEkeyNeInfoPagePreviewVC.swift */; };
		EBF8BCBC268EC32700DA318F /* AppDelegate.swift in Sources */ = {isa = PBXBuildFile; fileRef = EBF8BCBB268EC32700DA318F /* AppDelegate.swift */; };
		EBF8BCBE268EC32700DA318F /* SceneDelegate.swift in Sources */ = {isa = PBXBuildFile; fileRef = EBF8BCBD268EC32700DA318F /* SceneDelegate.swift */; };
		EBF8BCC0268EC32700DA318F /* ViewController.swift in Sources */ = {isa = PBXBuildFile; fileRef = EBF8BCBF268EC32700DA318F /* ViewController.swift */; };
		EBF8BCC3268EC32700DA318F /* Main.storyboard in Resources */ = {isa = PBXBuildFile; fileRef = EBF8BCC1268EC32700DA318F /* Main.storyboard */; };
		EBF8BCC5268EC32D00DA318F /* Assets.xcassets in Resources */ = {isa = PBXBuildFile; fileRef = EBF8BCC4268EC32D00DA318F /* Assets.xcassets */; };
		EBF8BCC8268EC32D00DA318F /* LaunchScreen.storyboard in Resources */ = {isa = PBXBuildFile; fileRef = EBF8BCC6268EC32D00DA318F /* LaunchScreen.storyboard */; };
		F6B39F151DB748C026416948 /* Pods_KiKeyBoardCus.framework in Frameworks */ = {isa = PBXBuildFile; fileRef = F80C7322360F884DDAE9B277 /* Pods_KiKeyBoardCus.framework */; };
/* End PBXBuildFile section */

/* Begin PBXContainerItemProxy section */
		EB2D5FAB296EBCB500C9DFA3 /* PBXContainerItemProxy */ = {
			isa = PBXContainerItemProxy;
			containerPortal = EBF8BCB0268EC32700DA318F /* Project object */;
			proxyType = 1;
			remoteGlobalIDString = EB2D5FA5296EBCB500C9DFA3;
			remoteInfo = KiKeyBoardCus;
		};
/* End PBXContainerItemProxy section */

/* Begin PBXCopyFilesBuildPhase section */
		EBF8BCDE268ECD2400DA318F /* Embed App Extensions */ = {
			isa = PBXCopyFilesBuildPhase;
			buildActionMask = 2147483647;
			dstPath = "";
			dstSubfolderSpec = 13;
			files = (
				EB2D5FAD296EBCB500C9DFA3 /* KiKeyBoardCus.appex in Embed App Extensions */,
			);
			name = "Embed App Extensions";
			runOnlyForDeploymentPostprocessing = 0;
		};
/* End PBXCopyFilesBuildPhase section */

/* Begin PBXFileReference section */
		1E3BD017BD24FA42F1738B4D /* Pods-KIkkKeyBoard.release.xcconfig */ = {isa = PBXFileReference; includeInIndex = 1; lastKnownFileType = text.xcconfig; name = "Pods-KIkkKeyBoard.release.xcconfig"; path = "Target Support Files/Pods-KIkkKeyBoard/Pods-KIkkKeyBoard.release.xcconfig"; sourceTree = "<group>"; };
		2B6B05ABD2B364CCC31DD5D3 /* Pods-KiKeyBoardCus.release.xcconfig */ = {isa = PBXFileReference; includeInIndex = 1; lastKnownFileType = text.xcconfig; name = "Pods-KiKeyBoardCus.release.xcconfig"; path = "Target Support Files/Pods-KiKeyBoardCus/Pods-KiKeyBoardCus.release.xcconfig"; sourceTree = "<group>"; };
		302EA592D6F099D6EAC6BC81 /* Pods-KIkkKeyBoard.debug.xcconfig */ = {isa = PBXFileReference; includeInIndex = 1; lastKnownFileType = text.xcconfig; name = "Pods-KIkkKeyBoard.debug.xcconfig"; path = "Target Support Files/Pods-KIkkKeyBoard/Pods-KIkkKeyBoard.debug.xcconfig"; sourceTree = "<group>"; };
		37AE30F60F795351D6DC0D42 /* Pods-KiKeyBoardCus.debug.xcconfig */ = {isa = PBXFileReference; includeInIndex = 1; lastKnownFileType = text.xcconfig; name = "Pods-KiKeyBoardCus.debug.xcconfig"; path = "Target Support Files/Pods-KiKeyBoardCus/Pods-KiKeyBoardCus.debug.xcconfig"; sourceTree = "<group>"; };
		53C75ED88B0CED2188AA5476 /* Pods_KIkkKeyBoard.framework */ = {isa = PBXFileReference; explicitFileType = wrapper.framework; includeInIndex = 0; path = Pods_KIkkKeyBoard.framework; sourceTree = BUILT_PRODUCTS_DIR; };
		93F369BAF95FF4BD37AED85C /* Pods-KIkbsKeyBoard.debug.xcconfig */ = {isa = PBXFileReference; includeInIndex = 1; lastKnownFileType = text.xcconfig; name = "Pods-KIkbsKeyBoard.debug.xcconfig"; path = "Target Support Files/Pods-KIkbsKeyBoard/Pods-KIkbsKeyBoard.debug.xcconfig"; sourceTree = "<group>"; };
		C8370BC81A35FDD9377060E3 /* Pods-KIkbsKeyBoard.release.xcconfig */ = {isa = PBXFileReference; includeInIndex = 1; lastKnownFileType = text.xcconfig; name = "Pods-KIkbsKeyBoard.release.xcconfig"; path = "Target Support Files/Pods-KIkbsKeyBoard/Pods-KIkbsKeyBoard.release.xcconfig"; sourceTree = "<group>"; };
		CA5BB0FF857D281CDE485764 /* Pods_KIkbsKeyBoard.framework */ = {isa = PBXFileReference; explicitFileType = wrapper.framework; includeInIndex = 0; path = Pods_KIkbsKeyBoard.framework; sourceTree = BUILT_PRODUCTS_DIR; };
		EB2D5FA6296EBCB500C9DFA3 /* KiKeyBoardCus.appex */ = {isa = PBXFileReference; explicitFileType = "wrapper.app-extension"; includeInIndex = 0; path = KiKeyBoardCus.appex; sourceTree = BUILT_PRODUCTS_DIR; };
		EB2D5FA8296EBCB500C9DFA3 /* KeyboardViewController.swift */ = {isa = PBXFileReference; lastKnownFileType = sourcecode.swift; path = KeyboardViewController.swift; sourceTree = "<group>"; };
		EB2D5FAA296EBCB500C9DFA3 /* Info.plist */ = {isa = PBXFileReference; lastKnownFileType = text.plist.xml; path = Info.plist; sourceTree = "<group>"; };
		EB2D5FB1296EBD0600C9DFA3 /* KeyBoardTopBar.swift */ = {isa = PBXFileReference; lastKnownFileType = sourcecode.swift; path = KeyBoardTopBar.swift; sourceTree = "<group>"; };
		EB2D5FB3296EBD3E00C9DFA3 /* KeyBoardContentPreview.swift */ = {isa = PBXFileReference; lastKnownFileType = sourcecode.swift; path = KeyBoardContentPreview.swift; sourceTree = "<group>"; };
		EB2D5FB5296EC76A00C9DFA3 /* KeyBoardManager.swift */ = {isa = PBXFileReference; lastKnownFileType = sourcecode.swift; path = KeyBoardManager.swift; sourceTree = "<group>"; };
		EB351D2D296FAC3E0034D4F2 /* KiKeyBoardCus.entitlements */ = {isa = PBXFileReference; lastKnownFileType = text.plist.entitlements; path = KiKeyBoardCus.entitlements; sourceTree = "<group>"; };
		EB351D2E2970EC310034D4F2 /* configstore.storekit */ = {isa = PBXFileReference; lastKnownFileType = text; path = configstore.storekit; sourceTree = "<group>"; };
		EB351D322972AFD10034D4F2 /* KEkeyboardSetGuideVC.swift */ = {isa = PBXFileReference; lastKnownFileType = sourcecode.swift; path = KEkeyboardSetGuideVC.swift; sourceTree = "<group>"; };
		EB4E385726CB6CB700D1FE4D /* ZalgoStringMaker.swift */ = {isa = PBXFileReference; lastKnownFileType = sourcecode.swift; path = ZalgoStringMaker.swift; sourceTree = "<group>"; };
		EB4E385A26CB9F2D00D1FE4D /* ConfigTool.swift */ = {isa = PBXFileReference; lastKnownFileType = sourcecode.swift; path = ConfigTool.swift; sourceTree = "<group>"; };
		EB4E399D26CCE62A00D1FE4D /* KIkbsTextTypeTransformView.swift */ = {isa = PBXFileReference; lastKnownFileType = sourcecode.swift; path = KIkbsTextTypeTransformView.swift; sourceTree = "<group>"; };
		EB5EE3BF2941BA5C0015B3BA /* KEkeyNeSpecialTextVC.swift */ = {isa = PBXFileReference; lastKnownFileType = sourcecode.swift; path = KEkeyNeSpecialTextVC.swift; sourceTree = "<group>"; };
		EB5EE3C22941D3ED0015B3BA /* KEkeyNeFavoriteStringVC.swift */ = {isa = PBXFileReference; lastKnownFileType = sourcecode.swift; path = KEkeyNeFavoriteStringVC.swift; sourceTree = "<group>"; };
		EB5EE3C52942DAAA0015B3BA /* KEkeyNeTextCardVC.swift */ = {isa = PBXFileReference; lastKnownFileType = sourcecode.swift; path = KEkeyNeTextCardVC.swift; sourceTree = "<group>"; };
		EB7A2B7826C4D80F00F25D38 /* KIkbsKeyBoard-Bridging-Header.h */ = {isa = PBXFileReference; lastKnownFileType = sourcecode.c.h; path = "KIkbsKeyBoard-Bridging-Header.h"; sourceTree = "<group>"; };
		EB7A2B7926C4D81000F25D38 /* TEST.h */ = {isa = PBXFileReference; lastKnownFileType = sourcecode.c.h; path = TEST.h; sourceTree = "<group>"; };
		EB7A2B7A26C4D81000F25D38 /* TEST.m */ = {isa = PBXFileReference; lastKnownFileType = sourcecode.c.objc; path = TEST.m; sourceTree = "<group>"; };
		EB7A2B7E26C4D83600F25D38 /* KIkbsStoreVC.swift */ = {isa = PBXFileReference; lastKnownFileType = sourcecode.swift; path = KIkbsStoreVC.swift; sourceTree = "<group>"; };
		EB7A2B8126C4FF3900F25D38 /* ExtensionTool.swift */ = {isa = PBXFileReference; lastKnownFileType = sourcecode.swift; path = ExtensionTool.swift; sourceTree = "<group>"; };
		EB88FDE126D37FD7005BD007 /* LLMorseCodeTranslator.swift */ = {isa = PBXFileReference; fileEncoding = 4; lastKnownFileType = sourcecode.swift; path = LLMorseCodeTranslator.swift; sourceTree = "<group>"; };
		EB88FDE326D3802D005BD007 /* KIkbsMorseCodeTransformView.swift */ = {isa = PBXFileReference; lastKnownFileType = sourcecode.swift; path = KIkbsMorseCodeTransformView.swift; sourceTree = "<group>"; };
		EB88FE4426D3AF01005BD007 /* KIkbsTextLeftRightTransformView.swift */ = {isa = PBXFileReference; lastKnownFileType = sourcecode.swift; path = KIkbsTextLeftRightTransformView.swift; sourceTree = "<group>"; };
		EB88FE4726D3B708005BD007 /* KIkbsTextCenterTransformView.swift */ = {isa = PBXFileReference; lastKnownFileType = sourcecode.swift; path = KIkbsTextCenterTransformView.swift; sourceTree = "<group>"; };
		EB9407CB26F37A8A00CB4A66 /* KIkbsTextTransformManager.swift */ = {isa = PBXFileReference; lastKnownFileType = sourcecode.swift; path = KIkbsTextTransformManager.swift; sourceTree = "<group>"; };
		EB9407CD26F3819400CB4A66 /* textTransform_Font.json */ = {isa = PBXFileReference; lastKnownFileType = text.json; path = textTransform_Font.json; sourceTree = "<group>"; };
		EB9407CF26F381C300CB4A66 /* textTransform_LeftAdd.json */ = {isa = PBXFileReference; lastKnownFileType = text.json; path = textTransform_LeftAdd.json; sourceTree = "<group>"; };
		EB9407D126F381DF00CB4A66 /* textTransform_Zalgo.json */ = {isa = PBXFileReference; lastKnownFileType = text.json; path = textTransform_Zalgo.json; sourceTree = "<group>"; };
		EB960C4926DF71C500EDB86A /* KIkbsCardWatermarkOverlayer.swift */ = {isa = PBXFileReference; lastKnownFileType = sourcecode.swift; path = KIkbsCardWatermarkOverlayer.swift; sourceTree = "<group>"; };
		EB960C4B26DF72D000EDB86A /* KIkbsCardWatermarkBar.swift */ = {isa = PBXFileReference; lastKnownFileType = sourcecode.swift; path = KIkbsCardWatermarkBar.swift; sourceTree = "<group>"; };
		EB960C4D26DF791E00EDB86A /* KIkbsCardTextInputBar.swift */ = {isa = PBXFileReference; lastKnownFileType = sourcecode.swift; path = KIkbsCardTextInputBar.swift; sourceTree = "<group>"; };
		EB960C4F26DF793D00EDB86A /* KIkbsCardThemeColorBar.swift */ = {isa = PBXFileReference; lastKnownFileType = sourcecode.swift; path = KIkbsCardThemeColorBar.swift; sourceTree = "<group>"; };
		EB960C5126DFCF4D00EDB86A /* textCardThemeColor.json */ = {isa = PBXFileReference; lastKnownFileType = text.json; path = textCardThemeColor.json; sourceTree = "<group>"; };
		EB960C5326DFD1AA00EDB86A /* textCardOverlayerImg.json */ = {isa = PBXFileReference; lastKnownFileType = text.json; path = textCardOverlayerImg.json; sourceTree = "<group>"; };
		EB99D90326D6734900B0F50F /* KIkbsSpecialStrPreviewView.swift */ = {isa = PBXFileReference; lastKnownFileType = sourcecode.swift; path = KIkbsSpecialStrPreviewView.swift; sourceTree = "<group>"; };
		EB9F2E8B26DA47D40027484A /* KIkbsKeboardFavoriteDB.swift */ = {isa = PBXFileReference; lastKnownFileType = sourcecode.swift; path = KIkbsKeboardFavoriteDB.swift; sourceTree = "<group>"; };
		EBA00AAD27ED5EB600AB3CC2 /* KIkbsKeyBoard.entitlements */ = {isa = PBXFileReference; lastKnownFileType = text.plist.entitlements; path = KIkbsKeyBoard.entitlements; sourceTree = "<group>"; };
		EBA03FA426E5BF8D00BE0043 /* KIkbsCardCanvasTextView.swift */ = {isa = PBXFileReference; lastKnownFileType = sourcecode.swift; path = KIkbsCardCanvasTextView.swift; sourceTree = "<group>"; };
		EBA03FA626E5C51600BE0043 /* KIkbsCardTextInputView.swift */ = {isa = PBXFileReference; lastKnownFileType = sourcecode.swift; path = KIkbsCardTextInputView.swift; sourceTree = "<group>"; };
		EBABA52826D8EE9C002EE5F5 /* KIkbsPurchaseManager.swift */ = {isa = PBXFileReference; lastKnownFileType = sourcecode.swift; path = KIkbsPurchaseManager.swift; sourceTree = "<group>"; };
		EBABA53026D930DB002EE5F5 /* KIkbsKeyboardFavoritePageView.swift */ = {isa = PBXFileReference; lastKnownFileType = sourcecode.swift; path = KIkbsKeyboardFavoritePageView.swift; sourceTree = "<group>"; };
		EBAE329F26D7875500FFC212 /* KIkbsDataManager.swift */ = {isa = PBXFileReference; lastKnownFileType = sourcecode.swift; path = KIkbsDataManager.swift; sourceTree = "<group>"; };
		EBAE32A126D78E8600FFC212 /* specialSymbolList.json */ = {isa = PBXFileReference; lastKnownFileType = text.json; path = specialSymbolList.json; sourceTree = "<group>"; };
		EBAE32A326D78E9100FFC212 /* specialQuoteList.json */ = {isa = PBXFileReference; lastKnownFileType = text.json; path = specialQuoteList.json; sourceTree = "<group>"; };
		EBAE32A526D78E9C00FFC212 /* specialEmojiStrList.json */ = {isa = PBXFileReference; lastKnownFileType = text.json; path = specialEmojiStrList.json; sourceTree = "<group>"; };
		EBAE32A926D7A64300FFC212 /* KIkbsSpecialStrLeftIndexView.swift */ = {isa = PBXFileReference; lastKnownFileType = sourcecode.swift; path = KIkbsSpecialStrLeftIndexView.swift; sourceTree = "<group>"; };
		EBB350022977DC9000D7D1DC /* globe_ic.png */ = {isa = PBXFileReference; lastKnownFileType = image.png; path = globe_ic.png; sourceTree = "<group>"; };
		EBBBA802293DDB5000211CCF /* KEkeyMainVC.swift */ = {isa = PBXFileReference; lastKnownFileType = sourcecode.swift; path = KEkeyMainVC.swift; sourceTree = "<group>"; };
		EBBBA805293DFB9700211CCF /* KEkeyNeTransformVC.swift */ = {isa = PBXFileReference; lastKnownFileType = sourcecode.swift; path = KEkeyNeTransformVC.swift; sourceTree = "<group>"; };
		EBE60E2029447A3B004DF203 /* KEkeyNeSettingVC.swift */ = {isa = PBXFileReference; lastKnownFileType = sourcecode.swift; path = KEkeyNeSettingVC.swift; sourceTree = "<group>"; };
		EBE60E2229448E62004DF203 /* KEkeyNeInfoPagePreviewVC.swift */ = {isa = PBXFileReference; lastKnownFileType = sourcecode.swift; path = KEkeyNeInfoPagePreviewVC.swift; sourceTree = "<group>"; };
		EBF8BCB8268EC32700DA318F /* KIkbsKeyBoard.app */ = {isa = PBXFileReference; explicitFileType = wrapper.application; includeInIndex = 0; path = KIkbsKeyBoard.app; sourceTree = BUILT_PRODUCTS_DIR; };
		EBF8BCBB268EC32700DA318F /* AppDelegate.swift */ = {isa = PBXFileReference; lastKnownFileType = sourcecode.swift; path = AppDelegate.swift; sourceTree = "<group>"; };
		EBF8BCBD268EC32700DA318F /* SceneDelegate.swift */ = {isa = PBXFileReference; lastKnownFileType = sourcecode.swift; path = SceneDelegate.swift; sourceTree = "<group>"; };
		EBF8BCBF268EC32700DA318F /* ViewController.swift */ = {isa = PBXFileReference; lastKnownFileType = sourcecode.swift; path = ViewController.swift; sourceTree = "<group>"; };
		EBF8BCC2268EC32700DA318F /* Base */ = {isa = PBXFileReference; lastKnownFileType = file.storyboard; name = Base; path = Base.lproj/Main.storyboard; sourceTree = "<group>"; };
		EBF8BCC4268EC32D00DA318F /* Assets.xcassets */ = {isa = PBXFileReference; lastKnownFileType = folder.assetcatalog; path = Assets.xcassets; sourceTree = "<group>"; };
		EBF8BCC7268EC32D00DA318F /* Base */ = {isa = PBXFileReference; lastKnownFileType = file.storyboard; name = Base; path = Base.lproj/LaunchScreen.storyboard; sourceTree = "<group>"; };
		EBF8BCC9268EC32D00DA318F /* Info.plist */ = {isa = PBXFileReference; lastKnownFileType = text.plist.xml; path = Info.plist; sourceTree = "<group>"; };
		F80C7322360F884DDAE9B277 /* Pods_KiKeyBoardCus.framework */ = {isa = PBXFileReference; explicitFileType = wrapper.framework; includeInIndex = 0; path = Pods_KiKeyBoardCus.framework; sourceTree = BUILT_PRODUCTS_DIR; };
/* End PBXFileReference section */

/* Begin PBXFrameworksBuildPhase section */
		EB2D5FA3296EBCB500C9DFA3 /* Frameworks */ = {
			isa = PBXFrameworksBuildPhase;
			buildActionMask = 2147483647;
			files = (
				F6B39F151DB748C026416948 /* Pods_KiKeyBoardCus.framework in Frameworks */,
			);
			runOnlyForDeploymentPostprocessing = 0;
		};
		EBF8BCB5268EC32700DA318F /* Frameworks */ = {
			isa = PBXFrameworksBuildPhase;
			buildActionMask = 2147483647;
			files = (
				CD16FE86E616849F44F724AF /* Pods_KIkbsKeyBoard.framework in Frameworks */,
			);
			runOnlyForDeploymentPostprocessing = 0;
		};
/* End PBXFrameworksBuildPhase section */

/* Begin PBXGroup section */
		496934D9F5DB9F2EDCE4C5A6 /* Pods */ = {
			isa = PBXGroup;
			children = (
				93F369BAF95FF4BD37AED85C /* Pods-KIkbsKeyBoard.debug.xcconfig */,
				C8370BC81A35FDD9377060E3 /* Pods-KIkbsKeyBoard.release.xcconfig */,
				302EA592D6F099D6EAC6BC81 /* Pods-KIkkKeyBoard.debug.xcconfig */,
				1E3BD017BD24FA42F1738B4D /* Pods-KIkkKeyBoard.release.xcconfig */,
				37AE30F60F795351D6DC0D42 /* Pods-KiKeyBoardCus.debug.xcconfig */,
				2B6B05ABD2B364CCC31DD5D3 /* Pods-KiKeyBoardCus.release.xcconfig */,
			);
			path = Pods;
			sourceTree = "<group>";
		};
		6CCC964E813400C3FC13BE47 /* Frameworks */ = {
			isa = PBXGroup;
			children = (
				CA5BB0FF857D281CDE485764 /* Pods_KIkbsKeyBoard.framework */,
				53C75ED88B0CED2188AA5476 /* Pods_KIkkKeyBoard.framework */,
				F80C7322360F884DDAE9B277 /* Pods_KiKeyBoardCus.framework */,
			);
			name = Frameworks;
			sourceTree = "<group>";
		};
		EB2D5FA7296EBCB500C9DFA3 /* KiKeyBoardCus */ = {
			isa = PBXGroup;
			children = (
				EB351D2D296FAC3E0034D4F2 /* KiKeyBoardCus.entitlements */,
				EB2D5FA8296EBCB500C9DFA3 /* KeyboardViewController.swift */,
				EB2D5FB1296EBD0600C9DFA3 /* KeyBoardTopBar.swift */,
				EB2D5FB3296EBD3E00C9DFA3 /* KeyBoardContentPreview.swift */,
				EB2D5FB5296EC76A00C9DFA3 /* KeyBoardManager.swift */,
				EBB350022977DC9000D7D1DC /* globe_ic.png */,
				EB2D5FAA296EBCB500C9DFA3 /* Info.plist */,
			);
			path = KiKeyBoardCus;
			sourceTree = "<group>";
		};
		EB5EE3BE2941B8310015B3BA /* NeSpecialTextGroup */ = {
			isa = PBXGroup;
			children = (
				EB5EE3BF2941BA5C0015B3BA /* KEkeyNeSpecialTextVC.swift */,
				EB99D90326D6734900B0F50F /* KIkbsSpecialStrPreviewView.swift */,
				EBAE32A926D7A64300FFC212 /* KIkbsSpecialStrLeftIndexView.swift */,
			);
			path = NeSpecialTextGroup;
			sourceTree = "<group>";
		};
		EB5EE3C12941D2A70015B3BA /* NeFavoriteStringGroup */ = {
			isa = PBXGroup;
			children = (
				EB5EE3C22941D3ED0015B3BA /* KEkeyNeFavoriteStringVC.swift */,
				EBABA53026D930DB002EE5F5 /* KIkbsKeyboardFavoritePageView.swift */,
			);
			path = NeFavoriteStringGroup;
			sourceTree = "<group>";
		};
		EB5EE3C42942DA910015B3BA /* NeTextCardGroup */ = {
			isa = PBXGroup;
			children = (
				EB5EE3C52942DAAA0015B3BA /* KEkeyNeTextCardVC.swift */,
				EB960C4D26DF791E00EDB86A /* KIkbsCardTextInputBar.swift */,
				EB960C4F26DF793D00EDB86A /* KIkbsCardThemeColorBar.swift */,
				EB960C4B26DF72D000EDB86A /* KIkbsCardWatermarkBar.swift */,
				EB960C4926DF71C500EDB86A /* KIkbsCardWatermarkOverlayer.swift */,
				EBA03FA426E5BF8D00BE0043 /* KIkbsCardCanvasTextView.swift */,
				EBA03FA626E5C51600BE0043 /* KIkbsCardTextInputView.swift */,
			);
			path = NeTextCardGroup;
			sourceTree = "<group>";
		};
		EB7A2B7426C4D7AA00F25D38 /* RootTree */ = {
			isa = PBXGroup;
			children = (
				EBF8BCBB268EC32700DA318F /* AppDelegate.swift */,
				EBF8BCBD268EC32700DA318F /* SceneDelegate.swift */,
				EBF8BCBF268EC32700DA318F /* ViewController.swift */,
				EBF8BCC1268EC32700DA318F /* Main.storyboard */,
				EBF8BCC4268EC32D00DA318F /* Assets.xcassets */,
				EBF8BCC6268EC32D00DA318F /* LaunchScreen.storyboard */,
				EBF8BCC9268EC32D00DA318F /* Info.plist */,
				EB7A2B7926C4D81000F25D38 /* TEST.h */,
				EB7A2B7A26C4D81000F25D38 /* TEST.m */,
				EB7A2B7826C4D80F00F25D38 /* KIkbsKeyBoard-Bridging-Header.h */,
				EB351D2E2970EC310034D4F2 /* configstore.storekit */,
			);
			name = RootTree;
			sourceTree = "<group>";
		};
		EB7A2B8026C4FF2400F25D38 /* ToolStuff */ = {
			isa = PBXGroup;
			children = (
				EB88FDE126D37FD7005BD007 /* LLMorseCodeTranslator.swift */,
				EB9407CB26F37A8A00CB4A66 /* KIkbsTextTransformManager.swift */,
				EB7A2B8126C4FF3900F25D38 /* ExtensionTool.swift */,
				EB4E385726CB6CB700D1FE4D /* ZalgoStringMaker.swift */,
				EB4E385A26CB9F2D00D1FE4D /* ConfigTool.swift */,
				EBABA52826D8EE9C002EE5F5 /* KIkbsPurchaseManager.swift */,
				EBAE329F26D7875500FFC212 /* KIkbsDataManager.swift */,
				EB9F2E8B26DA47D40027484A /* KIkbsKeboardFavoriteDB.swift */,
				EBAE32A126D78E8600FFC212 /* specialSymbolList.json */,
				EBAE32A326D78E9100FFC212 /* specialQuoteList.json */,
				EBAE32A526D78E9C00FFC212 /* specialEmojiStrList.json */,
				EB960C5126DFCF4D00EDB86A /* textCardThemeColor.json */,
				EB960C5326DFD1AA00EDB86A /* textCardOverlayerImg.json */,
				EB9407CD26F3819400CB4A66 /* textTransform_Font.json */,
				EB9407CF26F381C300CB4A66 /* textTransform_LeftAdd.json */,
				EB9407D126F381DF00CB4A66 /* textTransform_Zalgo.json */,
			);
			path = ToolStuff;
			sourceTree = "<group>";
		};
		EBBBA801293DCC6A00211CCF /* NewMain */ = {
			isa = PBXGroup;
			children = (
				EBBBA802293DDB5000211CCF /* KEkeyMainVC.swift */,
				EBE60E2429449065004DF203 /* NeStoreGroup */,
				EBE60E1F29447A07004DF203 /* NeSettingGroup */,
				EB5EE3C42942DA910015B3BA /* NeTextCardGroup */,
				EB5EE3C12941D2A70015B3BA /* NeFavoriteStringGroup */,
				EB5EE3BE2941B8310015B3BA /* NeSpecialTextGroup */,
				EBBBA804293DFB6F00211CCF /* NeTransformGroup */,
			);
			path = NewMain;
			sourceTree = "<group>";
		};
		EBBBA804293DFB6F00211CCF /* NeTransformGroup */ = {
			isa = PBXGroup;
			children = (
				EBBBA805293DFB9700211CCF /* KEkeyNeTransformVC.swift */,
				EB4E399D26CCE62A00D1FE4D /* KIkbsTextTypeTransformView.swift */,
				EB88FE4426D3AF01005BD007 /* KIkbsTextLeftRightTransformView.swift */,
				EB88FE4726D3B708005BD007 /* KIkbsTextCenterTransformView.swift */,
				EB88FDE326D3802D005BD007 /* KIkbsMorseCodeTransformView.swift */,
			);
			path = NeTransformGroup;
			sourceTree = "<group>";
		};
		EBE60E1F29447A07004DF203 /* NeSettingGroup */ = {
			isa = PBXGroup;
			children = (
				EBE60E2029447A3B004DF203 /* KEkeyNeSettingVC.swift */,
				EBE60E2229448E62004DF203 /* KEkeyNeInfoPagePreviewVC.swift */,
				EB351D322972AFD10034D4F2 /* KEkeyboardSetGuideVC.swift */,
			);
			path = NeSettingGroup;
			sourceTree = "<group>";
		};
		EBE60E2429449065004DF203 /* NeStoreGroup */ = {
			isa = PBXGroup;
			children = (
				EB7A2B7E26C4D83600F25D38 /* KIkbsStoreVC.swift */,
			);
			path = NeStoreGroup;
			sourceTree = "<group>";
		};
		EBF8BCAF268EC32700DA318F = {
			isa = PBXGroup;
			children = (
				EBF8BCBA268EC32700DA318F /* KIkbsKeyBoard */,
				EB2D5FA7296EBCB500C9DFA3 /* KiKeyBoardCus */,
				EBF8BCB9268EC32700DA318F /* Products */,
				496934D9F5DB9F2EDCE4C5A6 /* Pods */,
				6CCC964E813400C3FC13BE47 /* Frameworks */,
			);
			sourceTree = "<group>";
		};
		EBF8BCB9268EC32700DA318F /* Products */ = {
			isa = PBXGroup;
			children = (
				EBF8BCB8268EC32700DA318F /* KIkbsKeyBoard.app */,
				EB2D5FA6296EBCB500C9DFA3 /* KiKeyBoardCus.appex */,
			);
			name = Products;
			sourceTree = "<group>";
		};
		EBF8BCBA268EC32700DA318F /* KIkbsKeyBoard */ = {
			isa = PBXGroup;
			children = (
				EBBBA801293DCC6A00211CCF /* NewMain */,
				EBA00AAD27ED5EB600AB3CC2 /* KIkbsKeyBoard.entitlements */,
				EB7A2B8026C4FF2400F25D38 /* ToolStuff */,
				EB7A2B7426C4D7AA00F25D38 /* RootTree */,
			);
			path = KIkbsKeyBoard;
			sourceTree = "<group>";
		};
/* End PBXGroup section */

/* Begin PBXNativeTarget section */
		EB2D5FA5296EBCB500C9DFA3 /* KiKeyBoardCus */ = {
			isa = PBXNativeTarget;
			buildConfigurationList = EB2D5FAE296EBCB500C9DFA3 /* Build configuration list for PBXNativeTarget "KiKeyBoardCus" */;
			buildPhases = (
				838C5E9CF7D9917E0341F18C /* [CP] Check Pods Manifest.lock */,
				EB2D5FA2296EBCB500C9DFA3 /* Sources */,
				EB2D5FA3296EBCB500C9DFA3 /* Frameworks */,
				EB2D5FA4296EBCB500C9DFA3 /* Resources */,
			);
			buildRules = (
			);
			dependencies = (
			);
			name = KiKeyBoardCus;
			productName = KiKeyBoardCus;
			productReference = EB2D5FA6296EBCB500C9DFA3 /* KiKeyBoardCus.appex */;
			productType = "com.apple.product-type.app-extension";
		};
		EBF8BCB7268EC32700DA318F /* KIkbsKeyBoard */ = {
			isa = PBXNativeTarget;
			buildConfigurationList = EBF8BCCC268EC32D00DA318F /* Build configuration list for PBXNativeTarget "KIkbsKeyBoard" */;
			buildPhases = (
				AC089E9B2C4CD4FFA25CA8E3 /* [CP] Check Pods Manifest.lock */,
				EBF8BCB4268EC32700DA318F /* Sources */,
				EBF8BCB5268EC32700DA318F /* Frameworks */,
				EBF8BCB6268EC32700DA318F /* Resources */,
				82B0E12A90EE60CD9A84E7F9 /* [CP] Embed Pods Frameworks */,
				EBF8BCDE268ECD2400DA318F /* Embed App Extensions */,
			);
			buildRules = (
			);
			dependencies = (
				EB2D5FAC296EBCB500C9DFA3 /* PBXTargetDependency */,
			);
			name = KIkbsKeyBoard;
			productName = KIkbsKeyBoard;
			productReference = EBF8BCB8268EC32700DA318F /* KIkbsKeyBoard.app */;
			productType = "com.apple.product-type.application";
		};
/* End PBXNativeTarget section */

/* Begin PBXProject section */
		EBF8BCB0268EC32700DA318F /* Project object */ = {
			isa = PBXProject;
			attributes = {
				LastSwiftUpdateCheck = 1410;
				LastUpgradeCheck = 1250;
				TargetAttributes = {
					EB2D5FA5296EBCB500C9DFA3 = {
						CreatedOnToolsVersion = 14.1;
					};
					EBF8BCB7268EC32700DA318F = {
						CreatedOnToolsVersion = 12.5;
						LastSwiftMigration = 1250;
					};
				};
			};
			buildConfigurationList = EBF8BCB3268EC32700DA318F /* Build configuration list for PBXProject "KIkbsKeyBoard" */;
			compatibilityVersion = "Xcode 9.3";
			developmentRegion = en;
			hasScannedForEncodings = 0;
			knownRegions = (
				en,
				Base,
			);
			mainGroup = EBF8BCAF268EC32700DA318F;
			productRefGroup = EBF8BCB9268EC32700DA318F /* Products */;
			projectDirPath = "";
			projectRoot = "";
			targets = (
				EBF8BCB7268EC32700DA318F /* KIkbsKeyBoard */,
				EB2D5FA5296EBCB500C9DFA3 /* KiKeyBoardCus */,
			);
		};
/* End PBXProject section */

/* Begin PBXResourcesBuildPhase section */
		EB2D5FA4296EBCB500C9DFA3 /* Resources */ = {
			isa = PBXResourcesBuildPhase;
			buildActionMask = 2147483647;
			files = (
				EBB350032977DC9000D7D1DC /* globe_ic.png in Resources */,
			);
			runOnlyForDeploymentPostprocessing = 0;
		};
		EBF8BCB6268EC32700DA318F /* Resources */ = {
			isa = PBXResourcesBuildPhase;
			buildActionMask = 2147483647;
			files = (
				EB960C5226DFCF4D00EDB86A /* textCardThemeColor.json in Resources */,
				EBAE32A626D78E9C00FFC212 /* specialEmojiStrList.json in Resources */,
				EB9407D226F381DF00CB4A66 /* textTransform_Zalgo.json in Resources */,
				EB9407D026F381C300CB4A66 /* textTransform_LeftAdd.json in Resources */,
				EBF8BCC8268EC32D00DA318F /* LaunchScreen.storyboard in Resources */,
				EBAE32A226D78E8600FFC212 /* specialSymbolList.json in Resources */,
				EBAE32A426D78E9100FFC212 /* specialQuoteList.json in Resources */,
				EBF8BCC5268EC32D00DA318F /* Assets.xcassets in Resources */,
				EB9407CE26F3819400CB4A66 /* textTransform_Font.json in Resources */,
				EB960C5426DFD1AA00EDB86A /* textCardOverlayerImg.json in Resources */,
				EBF8BCC3268EC32700DA318F /* Main.storyboard in Resources */,
			);
			runOnlyForDeploymentPostprocessing = 0;
		};
/* End PBXResourcesBuildPhase section */

/* Begin PBXShellScriptBuildPhase section */
		82B0E12A90EE60CD9A84E7F9 /* [CP] Embed Pods Frameworks */ = {
			isa = PBXShellScriptBuildPhase;
			buildActionMask = 2147483647;
			files = (
			);
			inputFileListPaths = (
				"${PODS_ROOT}/Target Support Files/Pods-KIkbsKeyBoard/Pods-KIkbsKeyBoard-frameworks-${CONFIGURATION}-input-files.xcfilelist",
			);
			name = "[CP] Embed Pods Frameworks";
			outputFileListPaths = (
				"${PODS_ROOT}/Target Support Files/Pods-KIkbsKeyBoard/Pods-KIkbsKeyBoard-frameworks-${CONFIGURATION}-output-files.xcfilelist",
			);
			runOnlyForDeploymentPostprocessing = 0;
			shellPath = /bin/sh;
			shellScript = "\"${PODS_ROOT}/Target Support Files/Pods-KIkbsKeyBoard/Pods-KIkbsKeyBoard-frameworks.sh\"\n";
			showEnvVarsInLog = 0;
		};
		838C5E9CF7D9917E0341F18C /* [CP] Check Pods Manifest.lock */ = {
			isa = PBXShellScriptBuildPhase;
			buildActionMask = 2147483647;
			files = (
			);
			inputFileListPaths = (
			);
			inputPaths = (
				"${PODS_PODFILE_DIR_PATH}/Podfile.lock",
				"${PODS_ROOT}/Manifest.lock",
			);
			name = "[CP] Check Pods Manifest.lock";
			outputFileListPaths = (
			);
			outputPaths = (
				"$(DERIVED_FILE_DIR)/Pods-KiKeyBoardCus-checkManifestLockResult.txt",
			);
			runOnlyForDeploymentPostprocessing = 0;
			shellPath = /bin/sh;
			shellScript = "diff \"${PODS_PODFILE_DIR_PATH}/Podfile.lock\" \"${PODS_ROOT}/Manifest.lock\" > /dev/null\nif [ $? != 0 ] ; then\n    # print error to STDERR\n    echo \"error: The sandbox is not in sync with the Podfile.lock. Run 'pod install' or update your CocoaPods installation.\" >&2\n    exit 1\nfi\n# This output is used by Xcode 'outputs' to avoid re-running this script phase.\necho \"SUCCESS\" > \"${SCRIPT_OUTPUT_FILE_0}\"\n";
			showEnvVarsInLog = 0;
		};
		AC089E9B2C4CD4FFA25CA8E3 /* [CP] Check Pods Manifest.lock */ = {
			isa = PBXShellScriptBuildPhase;
			buildActionMask = 2147483647;
			files = (
			);
			inputFileListPaths = (
			);
			inputPaths = (
				"${PODS_PODFILE_DIR_PATH}/Podfile.lock",
				"${PODS_ROOT}/Manifest.lock",
			);
			name = "[CP] Check Pods Manifest.lock";
			outputFileListPaths = (
			);
			outputPaths = (
				"$(DERIVED_FILE_DIR)/Pods-KIkbsKeyBoard-checkManifestLockResult.txt",
			);
			runOnlyForDeploymentPostprocessing = 0;
			shellPath = /bin/sh;
			shellScript = "diff \"${PODS_PODFILE_DIR_PATH}/Podfile.lock\" \"${PODS_ROOT}/Manifest.lock\" > /dev/null\nif [ $? != 0 ] ; then\n    # print error to STDERR\n    echo \"error: The sandbox is not in sync with the Podfile.lock. Run 'pod install' or update your CocoaPods installation.\" >&2\n    exit 1\nfi\n# This output is used by Xcode 'outputs' to avoid re-running this script phase.\necho \"SUCCESS\" > \"${SCRIPT_OUTPUT_FILE_0}\"\n";
			showEnvVarsInLog = 0;
		};
/* End PBXShellScriptBuildPhase section */

/* Begin PBXSourcesBuildPhase section */
		EB2D5FA2296EBCB500C9DFA3 /* Sources */ = {
			isa = PBXSourcesBuildPhase;
			buildActionMask = 2147483647;
			files = (
				EB2D5FB6296EC76A00C9DFA3 /* KeyBoardManager.swift in Sources */,
				EB2D5FB4296EBD3E00C9DFA3 /* KeyBoardContentPreview.swift in Sources */,
				EB2D5FB2296EBD0600C9DFA3 /* KeyBoardTopBar.swift in Sources */,
				EB2D5FB7296EC7C000C9DFA3 /* KIkbsKeboardFavoriteDB.swift in Sources */,
				EB2D5FA9296EBCB500C9DFA3 /* KeyboardViewController.swift in Sources */,
			);
			runOnlyForDeploymentPostprocessing = 0;
		};
		EBF8BCB4268EC32700DA318F /* Sources */ = {
			isa = PBXSourcesBuildPhase;
			buildActionMask = 2147483647;
			files = (
				EB5EE3C02941BA5C0015B3BA /* KEkeyNeSpecialTextVC.swift in Sources */,
				EB7A2B7B26C4D81000F25D38 /* TEST.m in Sources */,
				EBE60E2129447A3B004DF203 /* KEkeyNeSettingVC.swift in Sources */,
				EBA03FA526E5BF8D00BE0043 /* KIkbsCardCanvasTextView.swift in Sources */,
				EB7A2B8226C4FF3900F25D38 /* ExtensionTool.swift in Sources */,
				EB5EE3C32941D3ED0015B3BA /* KEkeyNeFavoriteStringVC.swift in Sources */,
				EBBBA806293DFB9700211CCF /* KEkeyNeTransformVC.swift in Sources */,
				EB960C4E26DF791E00EDB86A /* KIkbsCardTextInputBar.swift in Sources */,
				EB4E399E26CCE62A00D1FE4D /* KIkbsTextTypeTransformView.swift in Sources */,
				EB351D332972AFD10034D4F2 /* KEkeyboardSetGuideVC.swift in Sources */,
				EB7A2B7F26C4D83600F25D38 /* KIkbsStoreVC.swift in Sources */,
				EBBBA803293DDB5000211CCF /* KEkeyMainVC.swift in Sources */,
				EB88FE4826D3B708005BD007 /* KIkbsTextCenterTransformView.swift in Sources */,
				EBF8BCC0268EC32700DA318F /* ViewController.swift in Sources */,
				EB88FDE426D3802D005BD007 /* KIkbsMorseCodeTransformView.swift in Sources */,
				EBF8BCBC268EC32700DA318F /* AppDelegate.swift in Sources */,
				EB88FE4526D3AF01005BD007 /* KIkbsTextLeftRightTransformView.swift in Sources */,
				EB960C4A26DF71C500EDB86A /* KIkbsCardWatermarkOverlayer.swift in Sources */,
				EB9F2E8C26DA47D40027484A /* KIkbsKeboardFavoriteDB.swift in Sources */,
				EBF8BCBE268EC32700DA318F /* SceneDelegate.swift in Sources */,
				EB4E385826CB6CB700D1FE4D /* ZalgoStringMaker.swift in Sources */,
				EB88FDE226D37FD7005BD007 /* LLMorseCodeTranslator.swift in Sources */,
				EBA03FA726E5C51600BE0043 /* KIkbsCardTextInputView.swift in Sources */,
				EB960C4C26DF72D000EDB86A /* KIkbsCardWatermarkBar.swift in Sources */,
				EB4E385B26CB9F2D00D1FE4D /* ConfigTool.swift in Sources */,
				EBABA52926D8EE9C002EE5F5 /* KIkbsPurchaseManager.swift in Sources */,
				EBABA53126D930DB002EE5F5 /* KIkbsKeyboardFavoritePageView.swift in Sources */,
				EB960C5026DF793D00EDB86A /* KIkbsCardThemeColorBar.swift in Sources */,
				EB9407CC26F37A8A00CB4A66 /* KIkbsTextTransformManager.swift in Sources */,
				EBE60E2329448E62004DF203 /* KEkeyNeInfoPagePreviewVC.swift in Sources */,
				EBAE32A026D7875500FFC212 /* KIkbsDataManager.swift in Sources */,
				EB99D90426D6734900B0F50F /* KIkbsSpecialStrPreviewView.swift in Sources */,
				EB5EE3C62942DAAA0015B3BA /* KEkeyNeTextCardVC.swift in Sources */,
				EBAE32AA26D7A64300FFC212 /* KIkbsSpecialStrLeftIndexView.swift in Sources */,
			);
			runOnlyForDeploymentPostprocessing = 0;
		};
/* End PBXSourcesBuildPhase section */

/* Begin PBXTargetDependency section */
		EB2D5FAC296EBCB500C9DFA3 /* PBXTargetDependency */ = {
			isa = PBXTargetDependency;
			target = EB2D5FA5296EBCB500C9DFA3 /* KiKeyBoardCus */;
			targetProxy = EB2D5FAB296EBCB500C9DFA3 /* PBXContainerItemProxy */;
		};
/* End PBXTargetDependency section */

/* Begin PBXVariantGroup section */
		EBF8BCC1268EC32700DA318F /* Main.storyboard */ = {
			isa = PBXVariantGroup;
			children = (
				EBF8BCC2268EC32700DA318F /* Base */,
			);
			name = Main.storyboard;
			sourceTree = "<group>";
		};
		EBF8BCC6268EC32D00DA318F /* LaunchScreen.storyboard */ = {
			isa = PBXVariantGroup;
			children = (
				EBF8BCC7268EC32D00DA318F /* Base */,
			);
			name = LaunchScreen.storyboard;
			sourceTree = "<group>";
		};
/* End PBXVariantGroup section */

/* Begin XCBuildConfiguration section */
		EB2D5FAF296EBCB500C9DFA3 /* Debug */ = {
			isa = XCBuildConfiguration;
			baseConfigurationReference = 37AE30F60F795351D6DC0D42 /* Pods-KiKeyBoardCus.debug.xcconfig */;
			buildSettings = {
				CLANG_CXX_LANGUAGE_STANDARD = "gnu++20";
				CODE_SIGN_ENTITLEMENTS = KiKeyBoardCus/KiKeyBoardCus.entitlements;
				CODE_SIGN_IDENTITY = "Apple Development";
				CODE_SIGN_STYLE = Automatic;
				CURRENT_PROJECT_VERSION = 1;
				DEVELOPMENT_TEAM = 97Y24FFSPP;
				GENERATE_INFOPLIST_FILE = YES;
				INFOPLIST_FILE = KiKeyBoardCus/Info.plist;
				INFOPLIST_KEY_CFBundleDisplayName = MessageKeyboard;
				INFOPLIST_KEY_NSHumanReadableCopyright = "";
				IPHONEOS_DEPLOYMENT_TARGET = 13.0;
				LD_RUNPATH_SEARCH_PATHS = (
					"$(inherited)",
					"@executable_path/Frameworks",
					"@executable_path/../../Frameworks",
				);
				MARKETING_VERSION = 1.0;
				PRODUCT_BUNDLE_IDENTIFIER = com.xx.888888.KiKeyBoardCus;
				PRODUCT_NAME = "$(TARGET_NAME)";
				PROVISIONING_PROFILE_SPECIFIER = "";
				SKIP_INSTALL = YES;
				SWIFT_EMIT_LOC_STRINGS = YES;
				SWIFT_VERSION = 5.0;
				TARGETED_DEVICE_FAMILY = "1,2";
			};
			name = Debug;
		};
		EB2D5FB0296EBCB500C9DFA3 /* Release */ = {
			isa = XCBuildConfiguration;
			baseConfigurationReference = 2B6B05ABD2B364CCC31DD5D3 /* Pods-KiKeyBoardCus.release.xcconfig */;
			buildSettings = {
				CLANG_CXX_LANGUAGE_STANDARD = "gnu++20";
				CODE_SIGN_ENTITLEMENTS = KiKeyBoardCus/KiKeyBoardCus.entitlements;
				CODE_SIGN_IDENTITY = "Apple Development";
				CODE_SIGN_STYLE = Automatic;
				CURRENT_PROJECT_VERSION = 1;
				DEVELOPMENT_TEAM = 97Y24FFSPP;
				GENERATE_INFOPLIST_FILE = YES;
				INFOPLIST_FILE = KiKeyBoardCus/Info.plist;
				INFOPLIST_KEY_CFBundleDisplayName = MessageKeyboard;
				INFOPLIST_KEY_NSHumanReadableCopyright = "";
				IPHONEOS_DEPLOYMENT_TARGET = 13.0;
				LD_RUNPATH_SEARCH_PATHS = (
					"$(inherited)",
					"@executable_path/Frameworks",
					"@executable_path/../../Frameworks",
				);
				MARKETING_VERSION = 1.0;
				PRODUCT_BUNDLE_IDENTIFIER = com.xx.888888.KiKeyBoardCus;
				PRODUCT_NAME = "$(TARGET_NAME)";
				PROVISIONING_PROFILE_SPECIFIER = "";
				SKIP_INSTALL = YES;
				SWIFT_EMIT_LOC_STRINGS = YES;
				SWIFT_VERSION = 5.0;
				TARGETED_DEVICE_FAMILY = "1,2";
			};
			name = Release;
		};
		EBF8BCCA268EC32D00DA318F /* Debug */ = {
			isa = XCBuildConfiguration;
			buildSettings = {
				ALWAYS_SEARCH_USER_PATHS = NO;
				CLANG_ANALYZER_NONNULL = YES;
				CLANG_ANALYZER_NUMBER_OBJECT_CONVERSION = YES_AGGRESSIVE;
				CLANG_CXX_LANGUAGE_STANDARD = "gnu++14";
				CLANG_CXX_LIBRARY = "libc++";
				CLANG_ENABLE_MODULES = YES;
				CLANG_ENABLE_OBJC_ARC = YES;
				CLANG_ENABLE_OBJC_WEAK = YES;
				CLANG_WARN_BLOCK_CAPTURE_AUTORELEASING = YES;
				CLANG_WARN_BOOL_CONVERSION = YES;
				CLANG_WARN_COMMA = YES;
				CLANG_WARN_CONSTANT_CONVERSION = YES;
				CLANG_WARN_DEPRECATED_OBJC_IMPLEMENTATIONS = YES;
				CLANG_WARN_DIRECT_OBJC_ISA_USAGE = YES_ERROR;
				CLANG_WARN_DOCUMENTATION_COMMENTS = YES;
				CLANG_WARN_EMPTY_BODY = YES;
				CLANG_WARN_ENUM_CONVERSION = YES;
				CLANG_WARN_INFINITE_RECURSION = YES;
				CLANG_WARN_INT_CONVERSION = YES;
				CLANG_WARN_NON_LITERAL_NULL_CONVERSION = YES;
				CLANG_WARN_OBJC_IMPLICIT_RETAIN_SELF = YES;
				CLANG_WARN_OBJC_LITERAL_CONVERSION = YES;
				CLANG_WARN_OBJC_ROOT_CLASS = YES_ERROR;
				CLANG_WARN_QUOTED_INCLUDE_IN_FRAMEWORK_HEADER = YES;
				CLANG_WARN_RANGE_LOOP_ANALYSIS = YES;
				CLANG_WARN_STRICT_PROTOTYPES = YES;
				CLANG_WARN_SUSPICIOUS_MOVE = YES;
				CLANG_WARN_UNGUARDED_AVAILABILITY = YES_AGGRESSIVE;
				CLANG_WARN_UNREACHABLE_CODE = YES;
				CLANG_WARN__DUPLICATE_METHOD_MATCH = YES;
				COPY_PHASE_STRIP = NO;
				DEBUG_INFORMATION_FORMAT = dwarf;
				ENABLE_STRICT_OBJC_MSGSEND = YES;
				ENABLE_TESTABILITY = YES;
				GCC_C_LANGUAGE_STANDARD = gnu11;
				GCC_DYNAMIC_NO_PIC = NO;
				GCC_NO_COMMON_BLOCKS = YES;
				GCC_OPTIMIZATION_LEVEL = 0;
				GCC_PREPROCESSOR_DEFINITIONS = (
					"DEBUG=1",
					"$(inherited)",
				);
				GCC_WARN_64_TO_32_BIT_CONVERSION = YES;
				GCC_WARN_ABOUT_RETURN_TYPE = YES_ERROR;
				GCC_WARN_UNDECLARED_SELECTOR = YES;
				GCC_WARN_UNINITIALIZED_AUTOS = YES_AGGRESSIVE;
				GCC_WARN_UNUSED_FUNCTION = YES;
				GCC_WARN_UNUSED_VARIABLE = YES;
				IPHONEOS_DEPLOYMENT_TARGET = 13.0;
				MTL_ENABLE_DEBUG_INFO = INCLUDE_SOURCE;
				MTL_FAST_MATH = YES;
				ONLY_ACTIVE_ARCH = YES;
				SDKROOT = iphoneos;
				SWIFT_ACTIVE_COMPILATION_CONDITIONS = DEBUG;
				SWIFT_OPTIMIZATION_LEVEL = "-Onone";
			};
			name = Debug;
		};
		EBF8BCCB268EC32D00DA318F /* Release */ = {
			isa = XCBuildConfiguration;
			buildSettings = {
				ALWAYS_SEARCH_USER_PATHS = NO;
				CLANG_ANALYZER_NONNULL = YES;
				CLANG_ANALYZER_NUMBER_OBJECT_CONVERSION = YES_AGGRESSIVE;
				CLANG_CXX_LANGUAGE_STANDARD = "gnu++14";
				CLANG_CXX_LIBRARY = "libc++";
				CLANG_ENABLE_MODULES = YES;
				CLANG_ENABLE_OBJC_ARC = YES;
				CLANG_ENABLE_OBJC_WEAK = YES;
				CLANG_WARN_BLOCK_CAPTURE_AUTORELEASING = YES;
				CLANG_WARN_BOOL_CONVERSION = YES;
				CLANG_WARN_COMMA = YES;
				CLANG_WARN_CONSTANT_CONVERSION = YES;
				CLANG_WARN_DEPRECATED_OBJC_IMPLEMENTATIONS = YES;
				CLANG_WARN_DIRECT_OBJC_ISA_USAGE = YES_ERROR;
				CLANG_WARN_DOCUMENTATION_COMMENTS = YES;
				CLANG_WARN_EMPTY_BODY = YES;
				CLANG_WARN_ENUM_CONVERSION = YES;
				CLANG_WARN_INFINITE_RECURSION = YES;
				CLANG_WARN_INT_CONVERSION = YES;
				CLANG_WARN_NON_LITERAL_NULL_CONVERSION = YES;
				CLANG_WARN_OBJC_IMPLICIT_RETAIN_SELF = YES;
				CLANG_WARN_OBJC_LITERAL_CONVERSION = YES;
				CLANG_WARN_OBJC_ROOT_CLASS = YES_ERROR;
				CLANG_WARN_QUOTED_INCLUDE_IN_FRAMEWORK_HEADER = YES;
				CLANG_WARN_RANGE_LOOP_ANALYSIS = YES;
				CLANG_WARN_STRICT_PROTOTYPES = YES;
				CLANG_WARN_SUSPICIOUS_MOVE = YES;
				CLANG_WARN_UNGUARDED_AVAILABILITY = YES_AGGRESSIVE;
				CLANG_WARN_UNREACHABLE_CODE = YES;
				CLANG_WARN__DUPLICATE_METHOD_MATCH = YES;
				COPY_PHASE_STRIP = NO;
				DEBUG_INFORMATION_FORMAT = "dwarf-with-dsym";
				ENABLE_NS_ASSERTIONS = NO;
				ENABLE_STRICT_OBJC_MSGSEND = YES;
				GCC_C_LANGUAGE_STANDARD = gnu11;
				GCC_NO_COMMON_BLOCKS = YES;
				GCC_WARN_64_TO_32_BIT_CONVERSION = YES;
				GCC_WARN_ABOUT_RETURN_TYPE = YES_ERROR;
				GCC_WARN_UNDECLARED_SELECTOR = YES;
				GCC_WARN_UNINITIALIZED_AUTOS = YES_AGGRESSIVE;
				GCC_WARN_UNUSED_FUNCTION = YES;
				GCC_WARN_UNUSED_VARIABLE = YES;
				IPHONEOS_DEPLOYMENT_TARGET = 13.0;
				MTL_ENABLE_DEBUG_INFO = NO;
				MTL_FAST_MATH = YES;
				SDKROOT = iphoneos;
				SWIFT_COMPILATION_MODE = wholemodule;
				SWIFT_OPTIMIZATION_LEVEL = "-O";
				VALIDATE_PRODUCT = YES;
			};
			name = Release;
		};
		EBF8BCCD268EC32D00DA318F /* Debug */ = {
			isa = XCBuildConfiguration;
			baseConfigurationReference = 93F369BAF95FF4BD37AED85C /* Pods-KIkbsKeyBoard.debug.xcconfig */;
			buildSettings = {
				ALWAYS_EMBED_SWIFT_STANDARD_LIBRARIES = YES;
				ASSETCATALOG_COMPILER_APPICON_NAME = AppIcon;
				ASSETCATALOG_COMPILER_GLOBAL_ACCENT_COLOR_NAME = AccentColor;
				CLANG_ENABLE_MODULES = YES;
				CODE_SIGN_ENTITLEMENTS = KIkbsKeyBoard/KIkbsKeyBoard.entitlements;
				CODE_SIGN_IDENTITY = "Apple Development";
				CODE_SIGN_STYLE = Automatic;
				CURRENT_PROJECT_VERSION = 1.0.0.0;
				DEVELOPMENT_TEAM = 97Y24FFSPP;
				INFOPLIST_FILE = KIkbsKeyBoard/Info.plist;
				INFOPLIST_KEY_CFBundleDisplayName = ArtText;
				IPHONEOS_DEPLOYMENT_TARGET = 13.0;
				LD_RUNPATH_SEARCH_PATHS = (
					"$(inherited)",
					"@executable_path/Frameworks",
				);
				MARKETING_VERSION = 1.0.0;
				PRODUCT_BUNDLE_IDENTIFIER = com.xx.888888;
				PRODUCT_NAME = "$(TARGET_NAME)";
				PROVISIONING_PROFILE_SPECIFIER = "";
				SUPPORTED_PLATFORMS = "iphoneos iphonesimulator";
				SUPPORTS_MACCATALYST = NO;
				SUPPORTS_MAC_DESIGNED_FOR_IPHONE_IPAD = NO;
				SWIFT_OBJC_BRIDGING_HEADER = "KIkbsKeyBoard/KIkbsKeyBoard-Bridging-Header.h";
				SWIFT_OPTIMIZATION_LEVEL = "-Onone";
				SWIFT_VERSION = 5.0;
				TARGETED_DEVICE_FAMILY = 1;
			};
			name = Debug;
		};
		EBF8BCCE268EC32D00DA318F /* Release */ = {
			isa = XCBuildConfiguration;
			baseConfigurationReference = C8370BC81A35FDD9377060E3 /* Pods-KIkbsKeyBoard.release.xcconfig */;
			buildSettings = {
				ALWAYS_EMBED_SWIFT_STANDARD_LIBRARIES = YES;
				ASSETCATALOG_COMPILER_APPICON_NAME = AppIcon;
				ASSETCATALOG_COMPILER_GLOBAL_ACCENT_COLOR_NAME = AccentColor;
				CLANG_ENABLE_MODULES = YES;
				CODE_SIGN_ENTITLEMENTS = KIkbsKeyBoard/KIkbsKeyBoard.entitlements;
				CODE_SIGN_IDENTITY = "Apple Development";
				CODE_SIGN_STYLE = Automatic;
				CURRENT_PROJECT_VERSION = 1.0.0.0;
				DEVELOPMENT_TEAM = 97Y24FFSPP;
				INFOPLIST_FILE = KIkbsKeyBoard/Info.plist;
				INFOPLIST_KEY_CFBundleDisplayName = ArtText;
				IPHONEOS_DEPLOYMENT_TARGET = 13.0;
				LD_RUNPATH_SEARCH_PATHS = (
					"$(inherited)",
					"@executable_path/Frameworks",
				);
				MARKETING_VERSION = 1.0.0;
				PRODUCT_BUNDLE_IDENTIFIER = com.xx.888888;
				PRODUCT_NAME = "$(TARGET_NAME)";
				PROVISIONING_PROFILE_SPECIFIER = "";
				SUPPORTED_PLATFORMS = "iphoneos iphonesimulator";
				SUPPORTS_MACCATALYST = NO;
				SUPPORTS_MAC_DESIGNED_FOR_IPHONE_IPAD = NO;
				SWIFT_OBJC_BRIDGING_HEADER = "KIkbsKeyBoard/KIkbsKeyBoard-Bridging-Header.h";
				SWIFT_VERSION = 5.0;
				TARGETED_DEVICE_FAMILY = 1;
			};
			name = Release;
		};
/* End XCBuildConfiguration section */

/* Begin XCConfigurationList section */
		EB2D5FAE296EBCB500C9DFA3 /* Build configuration list for PBXNativeTarget "KiKeyBoardCus" */ = {
			isa = XCConfigurationList;
			buildConfigurations = (
				EB2D5FAF296EBCB500C9DFA3 /* Debug */,
				EB2D5FB0296EBCB500C9DFA3 /* Release */,
			);
			defaultConfigurationIsVisible = 0;
			defaultConfigurationName = Release;
		};
		EBF8BCB3268EC32700DA318F /* Build configuration list for PBXProject "KIkbsKeyBoard" */ = {
			isa = XCConfigurationList;
			buildConfigurations = (
				EBF8BCCA268EC32D00DA318F /* Debug */,
				EBF8BCCB268EC32D00DA318F /* Release */,
			);
			defaultConfigurationIsVisible = 0;
			defaultConfigurationName = Release;
		};
		EBF8BCCC268EC32D00DA318F /* Build configuration list for PBXNativeTarget "KIkbsKeyBoard" */ = {
			isa = XCConfigurationList;
			buildConfigurations = (
				EBF8BCCD268EC32D00DA318F /* Debug */,
				EBF8BCCE268EC32D00DA318F /* Release */,
			);
			defaultConfigurationIsVisible = 0;
			defaultConfigurationName = Release;
		};
/* End XCConfigurationList section */
	};
	rootObject = EBF8BCB0268EC32700DA318F /* Project object */;
}
